// !$*UTF8*$!
{
	archiveVersion = 1;
	classes = {
	};
	objectVersion = 50;
	objects = {

/* Begin PBXBuildFile section */
		04F455A121D66F1700FC6F48 /* AppDelegate.swift in Sources */ = {isa = PBXBuildFile; fileRef = 04F455A021D66F1700FC6F48 /* AppDelegate.swift */; };
		04F455A321D66F1700FC6F48 /* ViewController.swift in Sources */ = {isa = PBXBuildFile; fileRef = 04F455A221D66F1700FC6F48 /* ViewController.swift */; };
		04F455A621D66F1700FC6F48 /* Main.storyboard in Resources */ = {isa = PBXBuildFile; fileRef = 04F455A421D66F1700FC6F48 /* Main.storyboard */; };
		04F455A821D66F1800FC6F48 /* Assets.xcassets in Resources */ = {isa = PBXBuildFile; fileRef = 04F455A721D66F1800FC6F48 /* Assets.xcassets */; };
		04F455AB21D66F1800FC6F48 /* LaunchScreen.storyboard in Resources */ = {isa = PBXBuildFile; fileRef = 04F455A921D66F1800FC6F48 /* LaunchScreen.storyboard */; };
		04F455B621D66F1800FC6F48 /* MovieBrowserTests.swift in Sources */ = {isa = PBXBuildFile; fileRef = 04F455B521D66F1800FC6F48 /* MovieBrowserTests.swift */; };
		04F455C121D66F1800FC6F48 /* MovieBrowserUITests.swift in Sources */ = {isa = PBXBuildFile; fileRef = 04F455C021D66F1800FC6F48 /* MovieBrowserUITests.swift */; };
/* End PBXBuildFile section */

/* Begin PBXContainerItemProxy section */
		04F455B221D66F1800FC6F48 /* PBXContainerItemProxy */ = {
			isa = PBXContainerItemProxy;
			containerPortal = 04F4559521D66F1700FC6F48 /* Project object */;
			proxyType = 1;
			remoteGlobalIDString = 04F4559C21D66F1700FC6F48;
			remoteInfo = MovieBrowser;
		};
		04F455BD21D66F1800FC6F48 /* PBXContainerItemProxy */ = {
			isa = PBXContainerItemProxy;
			containerPortal = 04F4559521D66F1700FC6F48 /* Project object */;
			proxyType = 1;
			remoteGlobalIDString = 04F4559C21D66F1700FC6F48;
			remoteInfo = MovieBrowser;
		};
/* End PBXContainerItemProxy section */

/* Begin PBXFileReference section */
		04F4559D21D66F1700FC6F48 /* MovieBrowser.app */ = {isa = PBXFileReference; explicitFileType = wrapper.application; includeInIndex = 0; path = MovieBrowser.app; sourceTree = BUILT_PRODUCTS_DIR; };
		04F455A021D66F1700FC6F48 /* AppDelegate.swift */ = {isa = PBXFileReference; lastKnownFileType = sourcecode.swift; path = AppDelegate.swift; sourceTree = "<group>"; };
		04F455A221D66F1700FC6F48 /* ViewController.swift */ = {isa = PBXFileReference; lastKnownFileType = sourcecode.swift; path = ViewController.swift; sourceTree = "<group>"; };
		04F455A521D66F1700FC6F48 /* Base */ = {isa = PBXFileReference; lastKnownFileType = file.storyboard; name = Base; path = Base.lproj/Main.storyboard; sourceTree = "<group>"; };
		04F455A721D66F1800FC6F48 /* Assets.xcassets */ = {isa = PBXFileReference; lastKnownFileType = folder.assetcatalog; path = Assets.xcassets; sourceTree = "<group>"; };
		04F455AA21D66F1800FC6F48 /* Base */ = {isa = PBXFileReference; lastKnownFileType = file.storyboard; name = Base; path = Base.lproj/LaunchScreen.storyboard; sourceTree = "<group>"; };
		04F455AC21D66F1800FC6F48 /* Info.plist */ = {isa = PBXFileReference; lastKnownFileType = text.plist.xml; path = Info.plist; sourceTree = "<group>"; };
		04F455B121D66F1800FC6F48 /* MovieBrowserTests.xctest */ = {isa = PBXFileReference; explicitFileType = wrapper.cfbundle; includeInIndex = 0; path = MovieBrowserTests.xctest; sourceTree = BUILT_PRODUCTS_DIR; };
		04F455B521D66F1800FC6F48 /* MovieBrowserTests.swift */ = {isa = PBXFileReference; lastKnownFileType = sourcecode.swift; path = MovieBrowserTests.swift; sourceTree = "<group>"; };
		04F455B721D66F1800FC6F48 /* Info.plist */ = {isa = PBXFileReference; lastKnownFileType = text.plist.xml; path = Info.plist; sourceTree = "<group>"; };
		04F455BC21D66F1800FC6F48 /* MovieBrowserUITests.xctest */ = {isa = PBXFileReference; explicitFileType = wrapper.cfbundle; includeInIndex = 0; path = MovieBrowserUITests.xctest; sourceTree = BUILT_PRODUCTS_DIR; };
		04F455C021D66F1800FC6F48 /* MovieBrowserUITests.swift */ = {isa = PBXFileReference; lastKnownFileType = sourcecode.swift; path = MovieBrowserUITests.swift; sourceTree = "<group>"; };
		04F455C221D66F1800FC6F48 /* Info.plist */ = {isa = PBXFileReference; lastKnownFileType = text.plist.xml; path = Info.plist; sourceTree = "<group>"; };
/* End PBXFileReference section */

/* Begin PBXFrameworksBuildPhase section */
		04F4559A21D66F1700FC6F48 /* Frameworks */ = {
			isa = PBXFrameworksBuildPhase;
			buildActionMask = 2147483647;
			files = (
			);
			runOnlyForDeploymentPostprocessing = 0;
		};
		04F455AE21D66F1800FC6F48 /* Frameworks */ = {
			isa = PBXFrameworksBuildPhase;
			buildActionMask = 2147483647;
			files = (
			);
			runOnlyForDeploymentPostprocessing = 0;
		};
		04F455B921D66F1800FC6F48 /* Frameworks */ = {
			isa = PBXFrameworksBuildPhase;
			buildActionMask = 2147483647;
			files = (
			);
			runOnlyForDeploymentPostprocessing = 0;
		};
/* End PBXFrameworksBuildPhase section */

/* Begin PBXGroup section */
		04F4559421D66F1700FC6F48 = {
			isa = PBXGroup;
			children = (
				04F4559F21D66F1700FC6F48 /* MovieBrowser */,
				04F455B421D66F1800FC6F48 /* MovieBrowserTests */,
				04F455BF21D66F1800FC6F48 /* MovieBrowserUITests */,
				04F4559E21D66F1700FC6F48 /* Products */,
			);
			sourceTree = "<group>";
		};
		04F4559E21D66F1700FC6F48 /* Products */ = {
			isa = PBXGroup;
			children = (
				04F4559D21D66F1700FC6F48 /* MovieBrowser.app */,
				04F455B121D66F1800FC6F48 /* MovieBrowserTests.xctest */,
				04F455BC21D66F1800FC6F48 /* MovieBrowserUITests.xctest */,
			);
			name = Products;
			sourceTree = "<group>";
		};
		04F4559F21D66F1700FC6F48 /* MovieBrowser */ = {
			isa = PBXGroup;
			children = (
				04F455A021D66F1700FC6F48 /* AppDelegate.swift */,
				04F455A221D66F1700FC6F48 /* ViewController.swift */,
				04F455A421D66F1700FC6F48 /* Main.storyboard */,
				04F455A721D66F1800FC6F48 /* Assets.xcassets */,
				04F455A921D66F1800FC6F48 /* LaunchScreen.storyboard */,
				04F455AC21D66F1800FC6F48 /* Info.plist */,
			);
			path = MovieBrowser;
			sourceTree = "<group>";
		};
		04F455B421D66F1800FC6F48 /* MovieBrowserTests */ = {
			isa = PBXGroup;
			children = (
				04F455B521D66F1800FC6F48 /* MovieBrowserTests.swift */,
				04F455B721D66F1800FC6F48 /* Info.plist */,
			);
			path = MovieBrowserTests;
			sourceTree = "<group>";
		};
		04F455BF21D66F1800FC6F48 /* MovieBrowserUITests */ = {
			isa = PBXGroup;
			children = (
				04F455C021D66F1800FC6F48 /* MovieBrowserUITests.swift */,
				04F455C221D66F1800FC6F48 /* Info.plist */,
			);
			path = MovieBrowserUITests;
			sourceTree = "<group>";
		};
/* End PBXGroup section */

/* Begin PBXNativeTarget section */
		04F4559C21D66F1700FC6F48 /* MovieBrowser */ = {
			isa = PBXNativeTarget;
			buildConfigurationList = 04F455C521D66F1800FC6F48 /* Build configuration list for PBXNativeTarget "MovieBrowser" */;
			buildPhases = (
				04F4559921D66F1700FC6F48 /* Sources */,
				04F4559A21D66F1700FC6F48 /* Frameworks */,
				04F4559B21D66F1700FC6F48 /* Resources */,
			);
			buildRules = (
			);
			dependencies = (
			);
			name = MovieBrowser;
			productName = MovieBrowser;
			productReference = 04F4559D21D66F1700FC6F48 /* MovieBrowser.app */;
			productType = "com.apple.product-type.application";
		};
		04F455B021D66F1800FC6F48 /* MovieBrowserTests */ = {
			isa = PBXNativeTarget;
			buildConfigurationList = 04F455C821D66F1800FC6F48 /* Build configuration list for PBXNativeTarget "MovieBrowserTests" */;
			buildPhases = (
				04F455AD21D66F1800FC6F48 /* Sources */,
				04F455AE21D66F1800FC6F48 /* Frameworks */,
				04F455AF21D66F1800FC6F48 /* Resources */,
			);
			buildRules = (
			);
			dependencies = (
				04F455B321D66F1800FC6F48 /* PBXTargetDependency */,
			);
			name = MovieBrowserTests;
			productName = MovieBrowserTests;
			productReference = 04F455B121D66F1800FC6F48 /* MovieBrowserTests.xctest */;
			productType = "com.apple.product-type.bundle.unit-test";
		};
		04F455BB21D66F1800FC6F48 /* MovieBrowserUITests */ = {
			isa = PBXNativeTarget;
			buildConfigurationList = 04F455CB21D66F1800FC6F48 /* Build configuration list for PBXNativeTarget "MovieBrowserUITests" */;
			buildPhases = (
				04F455B821D66F1800FC6F48 /* Sources */,
				04F455B921D66F1800FC6F48 /* Frameworks */,
				04F455BA21D66F1800FC6F48 /* Resources */,
			);
			buildRules = (
			);
			dependencies = (
				04F455BE21D66F1800FC6F48 /* PBXTargetDependency */,
			);
			name = MovieBrowserUITests;
			productName = MovieBrowserUITests;
			productReference = 04F455BC21D66F1800FC6F48 /* MovieBrowserUITests.xctest */;
			productType = "com.apple.product-type.bundle.ui-testing";
		};
/* End PBXNativeTarget section */

/* Begin PBXProject section */
		04F4559521D66F1700FC6F48 /* Project object */ = {
			isa = PBXProject;
			attributes = {
				LastSwiftUpdateCheck = 1010;
				LastUpgradeCheck = 1010;
				ORGANIZATIONNAME = Shayona;
				TargetAttributes = {
					04F4559C21D66F1700FC6F48 = {
						CreatedOnToolsVersion = 10.1;
					};
					04F455B021D66F1800FC6F48 = {
						CreatedOnToolsVersion = 10.1;
						TestTargetID = 04F4559C21D66F1700FC6F48;
					};
					04F455BB21D66F1800FC6F48 = {
						CreatedOnToolsVersion = 10.1;
						TestTargetID = 04F4559C21D66F1700FC6F48;
					};
				};
			};
			buildConfigurationList = 04F4559821D66F1700FC6F48 /* Build configuration list for PBXProject "MovieBrowser" */;
			compatibilityVersion = "Xcode 9.3";
			developmentRegion = en;
			hasScannedForEncodings = 0;
			knownRegions = (
				en,
				Base,
			);
			mainGroup = 04F4559421D66F1700FC6F48;
			productRefGroup = 04F4559E21D66F1700FC6F48 /* Products */;
			projectDirPath = "";
			projectRoot = "";
			targets = (
				04F4559C21D66F1700FC6F48 /* MovieBrowser */,
				04F455B021D66F1800FC6F48 /* MovieBrowserTests */,
				04F455BB21D66F1800FC6F48 /* MovieBrowserUITests */,
			);
		};
/* End PBXProject section */

/* Begin PBXResourcesBuildPhase section */
		04F4559B21D66F1700FC6F48 /* Resources */ = {
			isa = PBXResourcesBuildPhase;
			buildActionMask = 2147483647;
			files = (
				04F455AB21D66F1800FC6F48 /* LaunchScreen.storyboard in Resources */,
				04F455A821D66F1800FC6F48 /* Assets.xcassets in Resources */,
				04F455A621D66F1700FC6F48 /* Main.storyboard in Resources */,
			);
			runOnlyForDeploymentPostprocessing = 0;
		};
		04F455AF21D66F1800FC6F48 /* Resources */ = {
			isa = PBXResourcesBuildPhase;
			buildActionMask = 2147483647;
			files = (
			);
			runOnlyForDeploymentPostprocessing = 0;
		};
		04F455BA21D66F1800FC6F48 /* Resources */ = {
			isa = PBXResourcesBuildPhase;
			buildActionMask = 2147483647;
			files = (
			);
			runOnlyForDeploymentPostprocessing = 0;
		};
/* End PBXResourcesBuildPhase section */

/* Begin PBXSourcesBuildPhase section */
		04F4559921D66F1700FC6F48 /* Sources */ = {
			isa = PBXSourcesBuildPhase;
			buildActionMask = 2147483647;
			files = (
				04F455A321D66F1700FC6F48 /* ViewController.swift in Sources */,
				04F455A121D66F1700FC6F48 /* AppDelegate.swift in Sources */,
			);
			runOnlyForDeploymentPostprocessing = 0;
		};
		04F455AD21D66F1800FC6F48 /* Sources */ = {
			isa = PBXSourcesBuildPhase;
			buildActionMask = 2147483647;
			files = (
				04F455B621D66F1800FC6F48 /* MovieBrowserTests.swift in Sources */,
			);
			runOnlyForDeploymentPostprocessing = 0;
		};
		04F455B821D66F1800FC6F48 /* Sources */ = {
			isa = PBXSourcesBuildPhase;
			buildActionMask = 2147483647;
			files = (
				04F455C121D66F1800FC6F48 /* MovieBrowserUITests.swift in Sources */,
			);
			runOnlyForDeploymentPostprocessing = 0;
		};
/* End PBXSourcesBuildPhase section */

/* Begin PBXTargetDependency section */
		04F455B321D66F1800FC6F48 /* PBXTargetDependency */ = {
			isa = PBXTargetDependency;
			target = 04F4559C21D66F1700FC6F48 /* MovieBrowser */;
			targetProxy = 04F455B221D66F1800FC6F48 /* PBXContainerItemProxy */;
		};
		04F455BE21D66F1800FC6F48 /* PBXTargetDependency */ = {
			isa = PBXTargetDependency;
			target = 04F4559C21D66F1700FC6F48 /* MovieBrowser */;
			targetProxy = 04F455BD21D66F1800FC6F48 /* PBXContainerItemProxy */;
		};
/* End PBXTargetDependency section */

/* Begin PBXVariantGroup section */
		04F455A421D66F1700FC6F48 /* Main.storyboard */ = {
			isa = PBXVariantGroup;
			children = (
				04F455A521D66F1700FC6F48 /* Base */,
			);
			name = Main.storyboard;
			sourceTree = "<group>";
		};
		04F455A921D66F1800FC6F48 /* LaunchScreen.storyboard */ = {
			isa = PBXVariantGroup;
			children = (
				04F455AA21D66F1800FC6F48 /* Base */,
			);
			name = LaunchScreen.storyboard;
			sourceTree = "<group>";
		};
/* End PBXVariantGroup section */

/* Begin XCBuildConfiguration section */
		04F455C321D66F1800FC6F48 /* Debug */ = {
			isa = XCBuildConfiguration;
			buildSettings = {
				ALWAYS_SEARCH_USER_PATHS = NO;
				CLANG_ANALYZER_NONNULL = YES;
				CLANG_ANALYZER_NUMBER_OBJECT_CONVERSION = YES_AGGRESSIVE;
				CLANG_CXX_LANGUAGE_STANDARD = "gnu++14";
				CLANG_CXX_LIBRARY = "libc++";
				CLANG_ENABLE_MODULES = YES;
				CLANG_ENABLE_OBJC_ARC = YES;
				CLANG_ENABLE_OBJC_WEAK = YES;
				CLANG_WARN_BLOCK_CAPTURE_AUTORELEASING = YES;
				CLANG_WARN_BOOL_CONVERSION = YES;
				CLANG_WARN_COMMA = YES;
				CLANG_WARN_CONSTANT_CONVERSION = YES;
				CLANG_WARN_DEPRECATED_OBJC_IMPLEMENTATIONS = YES;
				CLANG_WARN_DIRECT_OBJC_ISA_USAGE = YES_ERROR;
				CLANG_WARN_DOCUMENTATION_COMMENTS = YES;
				CLANG_WARN_EMPTY_BODY = YES;
				CLANG_WARN_ENUM_CONVERSION = YES;
				CLANG_WARN_INFINITE_RECURSION = YES;
				CLANG_WARN_INT_CONVERSION = YES;
				CLANG_WARN_NON_LITERAL_NULL_CONVERSION = YES;
				CLANG_WARN_OBJC_IMPLICIT_RETAIN_SELF = YES;
				CLANG_WARN_OBJC_LITERAL_CONVERSION = YES;
				CLANG_WARN_OBJC_ROOT_CLASS = YES_ERROR;
				CLANG_WARN_RANGE_LOOP_ANALYSIS = YES;
				CLANG_WARN_STRICT_PROTOTYPES = YES;
				CLANG_WARN_SUSPICIOUS_MOVE = YES;
				CLANG_WARN_UNGUARDED_AVAILABILITY = YES_AGGRESSIVE;
				CLANG_WARN_UNREACHABLE_CODE = YES;
				CLANG_WARN__DUPLICATE_METHOD_MATCH = YES;
				CODE_SIGN_IDENTITY = "iPhone Developer";
				COPY_PHASE_STRIP = NO;
				DEBUG_INFORMATION_FORMAT = dwarf;
				ENABLE_STRICT_OBJC_MSGSEND = YES;
				ENABLE_TESTABILITY = YES;
				GCC_C_LANGUAGE_STANDARD = gnu11;
				GCC_DYNAMIC_NO_PIC = NO;
				GCC_NO_COMMON_BLOCKS = YES;
				GCC_OPTIMIZATION_LEVEL = 0;
				GCC_PREPROCESSOR_DEFINITIONS = (
					"DEBUG=1",
					"$(inherited)",
				);
				GCC_WARN_64_TO_32_BIT_CONVERSION = YES;
				GCC_WARN_ABOUT_RETURN_TYPE = YES_ERROR;
				GCC_WARN_UNDECLARED_SELECTOR = YES;
				GCC_WARN_UNINITIALIZED_AUTOS = YES_AGGRESSIVE;
				GCC_WARN_UNUSED_FUNCTION = YES;
				GCC_WARN_UNUSED_VARIABLE = YES;
				IPHONEOS_DEPLOYMENT_TARGET = 12.1;
				MTL_ENABLE_DEBUG_INFO = INCLUDE_SOURCE;
				MTL_FAST_MATH = YES;
				ONLY_ACTIVE_ARCH = YES;
				SDKROOT = iphoneos;
				SWIFT_ACTIVE_COMPILATION_CONDITIONS = DEBUG;
				SWIFT_OPTIMIZATION_LEVEL = "-Onone";
			};
			name = Debug;
		};
		04F455C421D66F1800FC6F48 /* Release */ = {
			isa = XCBuildConfiguration;
			buildSettings = {
				ALWAYS_SEARCH_USER_PATHS = NO;
				CLANG_ANALYZER_NONNULL = YES;
				CLANG_ANALYZER_NUMBER_OBJECT_CONVERSION = YES_AGGRESSIVE;
				CLANG_CXX_LANGUAGE_STANDARD = "gnu++14";
				CLANG_CXX_LIBRARY = "libc++";
				CLANG_ENABLE_MODULES = YES;
				CLANG_ENABLE_OBJC_ARC = YES;
				CLANG_ENABLE_OBJC_WEAK = YES;
				CLANG_WARN_BLOCK_CAPTURE_AUTORELEASING = YES;
				CLANG_WARN_BOOL_CONVERSION = YES;
				CLANG_WARN_COMMA = YES;
				CLANG_WARN_CONSTANT_CONVERSION = YES;
				CLANG_WARN_DEPRECATED_OBJC_IMPLEMENTATIONS = YES;
				CLANG_WARN_DIRECT_OBJC_ISA_USAGE = YES_ERROR;
				CLANG_WARN_DOCUMENTATION_COMMENTS = YES;
				CLANG_WARN_EMPTY_BODY = YES;
				CLANG_WARN_ENUM_CONVERSION = YES;
				CLANG_WARN_INFINITE_RECURSION = YES;
				CLANG_WARN_INT_CONVERSION = YES;
				CLANG_WARN_NON_LITERAL_NULL_CONVERSION = YES;
				CLANG_WARN_OBJC_IMPLICIT_RETAIN_SELF = YES;
				CLANG_WARN_OBJC_LITERAL_CONVERSION = YES;
				CLANG_WARN_OBJC_ROOT_CLASS = YES_ERROR;
				CLANG_WARN_RANGE_LOOP_ANALYSIS = YES;
				CLANG_WARN_STRICT_PROTOTYPES = YES;
				CLANG_WARN_SUSPICIOUS_MOVE = YES;
				CLANG_WARN_UNGUARDED_AVAILABILITY = YES_AGGRESSIVE;
				CLANG_WARN_UNREACHABLE_CODE = YES;
				CLANG_WARN__DUPLICATE_METHOD_MATCH = YES;
				CODE_SIGN_IDENTITY = "iPhone Developer";
				COPY_PHASE_STRIP = NO;
				DEBUG_INFORMATION_FORMAT = "dwarf-with-dsym";
				ENABLE_NS_ASSERTIONS = NO;
				ENABLE_STRICT_OBJC_MSGSEND = YES;
				GCC_C_LANGUAGE_STANDARD = gnu11;
				GCC_NO_COMMON_BLOCKS = YES;
				GCC_WARN_64_TO_32_BIT_CONVERSION = YES;
				GCC_WARN_ABOUT_RETURN_TYPE = YES_ERROR;
				GCC_WARN_UNDECLARED_SELECTOR = YES;
				GCC_WARN_UNINITIALIZED_AUTOS = YES_AGGRESSIVE;
				GCC_WARN_UNUSED_FUNCTION = YES;
				GCC_WARN_UNUSED_VARIABLE = YES;
				IPHONEOS_DEPLOYMENT_TARGET = 12.1;
				MTL_ENABLE_DEBUG_INFO = NO;
				MTL_FAST_MATH = YES;
				SDKROOT = iphoneos;
				SWIFT_COMPILATION_MODE = wholemodule;
				SWIFT_OPTIMIZATION_LEVEL = "-O";
				VALIDATE_PRODUCT = YES;
			};
			name = Release;
		};
		04F455C621D66F1800FC6F48 /* Debug */ = {
			isa = XCBuildConfiguration;
			buildSettings = {
				ASSETCATALOG_COMPILER_APPICON_NAME = AppIcon;
				CODE_SIGN_STYLE = Automatic;
				INFOPLIST_FILE = MovieBrowser/Info.plist;
				LD_RUNPATH_SEARCH_PATHS = (
					"$(inherited)",
					"@executable_path/Frameworks",
				);
				PRODUCT_BUNDLE_IDENTIFIER = com.shayona.MovieBrowser;
				PRODUCT_NAME = "$(TARGET_NAME)";
				SWIFT_VERSION = 4.2;
				TARGETED_DEVICE_FAMILY = "1,2";
			};
			name = Debug;
		};
		04F455C721D66F1800FC6F48 /* Release */ = {
			isa = XCBuildConfiguration;
			buildSettings = {
				ASSETCATALOG_COMPILER_APPICON_NAME = AppIcon;
				CODE_SIGN_STYLE = Automatic;
				INFOPLIST_FILE = MovieBrowser/Info.plist;
				LD_RUNPATH_SEARCH_PATHS = (
					"$(inherited)",
					"@executable_path/Frameworks",
				);
				PRODUCT_BUNDLE_IDENTIFIER = com.shayona.MovieBrowser;
				PRODUCT_NAME = "$(TARGET_NAME)";
				SWIFT_VERSION = 4.2;
				TARGETED_DEVICE_FAMILY = "1,2";
			};
			name = Release;
		};
		04F455C921D66F1800FC6F48 /* Debug */ = {
			isa = XCBuildConfiguration;
			buildSettings = {
				ALWAYS_EMBED_SWIFT_STANDARD_LIBRARIES = YES;
				BUNDLE_LOADER = "$(TEST_HOST)";
				CODE_SIGN_STYLE = Automatic;
				INFOPLIST_FILE = MovieBrowserTests/Info.plist;
				LD_RUNPATH_SEARCH_PATHS = (
					"$(inherited)",
					"@executable_path/Frameworks",
					"@loader_path/Frameworks",
				);
				PRODUCT_BUNDLE_IDENTIFIER = com.shayona.MovieBrowserTests;
				PRODUCT_NAME = "$(TARGET_NAME)";
				SWIFT_VERSION = 4.2;
				TARGETED_DEVICE_FAMILY = "1,2";
				TEST_HOST = "$(BUILT_PRODUCTS_DIR)/MovieBrowser.app/MovieBrowser";
			};
			name = Debug;
		};
		04F455CA21D66F1800FC6F48 /* Release */ = {
			isa = XCBuildConfiguration;
			buildSettings = {
				ALWAYS_EMBED_SWIFT_STANDARD_LIBRARIES = YES;
				BUNDLE_LOADER = "$(TEST_HOST)";
				CODE_SIGN_STYLE = Automatic;
				INFOPLIST_FILE = MovieBrowserTests/Info.plist;
				LD_RUNPATH_SEARCH_PATHS = (
					"$(inherited)",
					"@executable_path/Frameworks",
					"@loader_path/Frameworks",
				);
				PRODUCT_BUNDLE_IDENTIFIER = com.shayona.MovieBrowserTests;
				PRODUCT_NAME = "$(TARGET_NAME)";
				SWIFT_VERSION = 4.2;
				TARGETED_DEVICE_FAMILY = "1,2";
				TEST_HOST = "$(BUILT_PRODUCTS_DIR)/MovieBrowser.app/MovieBrowser";
			};
			name = Release;
		};
		04F455CC21D66F1800FC6F48 /* Debug */ = {
			isa = XCBuildConfiguration;
			buildSettings = {
				ALWAYS_EMBED_SWIFT_STANDARD_LIBRARIES = YES;
				CODE_SIGN_STYLE = Automatic;
				INFOPLIST_FILE = MovieBrowserUITests/Info.plist;
				LD_RUNPATH_SEARCH_PATHS = (
					"$(inherited)",
					"@executable_path/Frameworks",
					"@loader_path/Frameworks",
				);
				PRODUCT_BUNDLE_IDENTIFIER = com.shayona.MovieBrowserUITests;
				PRODUCT_NAME = "$(TARGET_NAME)";
				SWIFT_VERSION = 4.2;
				TARGETED_DEVICE_FAMILY = "1,2";
				TEST_TARGET_NAME = MovieBrowser;
			};
			name = Debug;
		};
		04F455CD21D66F1800FC6F48 /* Release */ = {
			isa = XCBuildConfiguration;
			buildSettings = {
				ALWAYS_EMBED_SWIFT_STANDARD_LIBRARIES = YES;
				CODE_SIGN_STYLE = Automatic;
				INFOPLIST_FILE = MovieBrowserUITests/Info.plist;
				LD_RUNPATH_SEARCH_PATHS = (
					"$(inherited)",
					"@executable_path/Frameworks",
					"@loader_path/Frameworks",
				);
				PRODUCT_BUNDLE_IDENTIFIER = com.shayona.MovieBrowserUITests;
				PRODUCT_NAME = "$(TARGET_NAME)";
				SWIFT_VERSION = 4.2;
				TARGETED_DEVICE_FAMILY = "1,2";
				TEST_TARGET_NAME = MovieBrowser;
			};
			name = Release;
		};
/* End XCBuildConfiguration section */

/* Begin XCConfigurationList section */
		04F4559821D66F1700FC6F48 /* Build configuration list for PBXProject "MovieBrowser" */ = {
			isa = XCConfigurationList;
			buildConfigurations = (
				04F455C321D66F1800FC6F48 /* Debug */,
				04F455C421D66F1800FC6F48 /* Release */,
			);
			defaultConfigurationIsVisible = 0;
			defaultConfigurationName = Release;
		};
		04F455C521D66F1800FC6F48 /* Build configuration list for PBXNativeTarget "MovieBrowser" */ = {
			isa = XCConfigurationList;
			buildConfigurations = (
				04F455C621D66F1800FC6F48 /* Debug */,
				04F455C721D66F1800FC6F48 /* Release */,
			);
			defaultConfigurationIsVisible = 0;
			defaultConfigurationName = Release;
		};
		04F455C821D66F1800FC6F48 /* Build configuration list for PBXNativeTarget "MovieBrowserTests" */ = {
			isa = XCConfigurationList;
			buildConfigurations = (
				04F455C921D66F1800FC6F48 /* Debug */,
				04F455CA21D66F1800FC6F48 /* Release */,
			);
			defaultConfigurationIsVisible = 0;
			defaultConfigurationName = Release;
		};
		04F455CB21D66F1800FC6F48 /* Build configuration list for PBXNativeTarget "MovieBrowserUITests" */ = {
			isa = XCConfigurationList;
			buildConfigurations = (
				04F455CC21D66F1800FC6F48 /* Debug */,
				04F455CD21D66F1800FC6F48 /* Release */,
			);
			defaultConfigurationIsVisible = 0;
			defaultConfigurationName = Release;
		};
/* End XCConfigurationList section */
	};
	rootObject = 04F4559521D66F1700FC6F48 /* Project object */;
}
